# This file was autogenerated by uv via the following command:
#    uv pip compile requirements/g4-v38-inference-runtime-v1.in --output-file requirements/g4-v38-inference-runtime-v1.lock --python-version 3.12.11 --python-platform x86_64-manylinux_2_28 --only-binary :all: --generate-hashes --no-cache
click==8.4.2 \
    --hash=sha256:9a6cea6e60b17ebe0a44c5cc636d94f09bd66142c1cd7d8b4cd731c4917a15f6 \
    --hash=sha256:e6f9f66136c816745b9d65817da91d61d957fb16e02e4dcd0552553c5a197b76
    # via
    #   -r requirements/g4-v38-inference-runtime-v1.in
    #   uvicorn
h11==0.16.0 \
    --hash=sha256:4e35b956cf45792e4caa5885e69fba00bdbc6ffafbfa020300e549b208ee5ff1 \
    --hash=sha256:63cf8bbe7522de3bf65932fda1d9c2772064ffb3dae62d55932da54b31cb6c86
    # via
    #   -c requirements/sft-pilot-linux-py312.lock
    #   uvicorn
uvicorn==0.52.1 \
    --hash=sha256:112ec661814189acbccd3f7b86460147cc065fc92c0821afa78918780e4354dd \
    --hash=sha256:e4403f9d93188cf9d1088e9f40e3acd12630e2df8675316704379a7fc20fff6a
    # via -r requirements/g4-v38-inference-runtime-v1.in
